// !$*UTF8*$!
{
	archiveVersion = 1;
	classes = {
	};
	objectVersion = 46;
	objects = {

/* Begin PBXBuildFile section */
		8EE750F51D1129CF00413031 /* main.m in Sources */ = {isa = PBXBuildFile; fileRef = 8EE750F41D1129CF00413031 /* main.m */; };
		8EE750F81D1129CF00413031 /* AppDelegate.m in Sources */ = {isa = PBXBuildFile; fileRef = 8EE750F71D1129CF00413031 /* AppDelegate.m */; };
		8EE750FE1D1129CF00413031 /* Main.storyboard in Resources */ = {isa = PBXBuildFile; fileRef = 8EE750FC1D1129CF00413031 /* Main.storyboard */; };
		8EE751001D1129CF00413031 /* Assets.xcassets in Resources */ = {isa = PBXBuildFile; fileRef = 8EE750FF1D1129CF00413031 /* Assets.xcassets */; };
		8EE751031D1129CF00413031 /* LaunchScreen.storyboard in Resources */ = {isa = PBXBuildFile; fileRef = 8EE751011D1129CF00413031 /* LaunchScreen.storyboard */; };
		8EE7510C1D112A2600413031 /* XZHomeViewController.m in Sources */ = {isa = PBXBuildFile; fileRef = 8EE7510B1D112A2600413031 /* XZHomeViewController.m */; };
		8EE751131D112CC000413031 /* UIView+Extension.m in Sources */ = {isa = PBXBuildFile; fileRef = 8EE751121D112CC000413031 /* UIView+Extension.m */; };
		8EE751271D11367C00413031 /* XZDock.m in Sources */ = {isa = PBXBuildFile; fileRef = 8EE751201D11367C00413031 /* XZDock.m */; };
		8EE751281D11367C00413031 /* XZIconView.m in Sources */ = {isa = PBXBuildFile; fileRef = 8EE751221D11367C00413031 /* XZIconView.m */; };
		8EE751291D11367C00413031 /* XZTabBar.m in Sources */ = {isa = PBXBuildFile; fileRef = 8EE751241D11367C00413031 /* XZTabBar.m */; };
		8EE7512A1D11367C00413031 /* XZToolBar.m in Sources */ = {isa = PBXBuildFile; fileRef = 8EE751261D11367C00413031 /* XZToolBar.m */; };
/* End PBXBuildFile section */

/* Begin PBXFileReference section */
		8EE750F01D1129CF00413031 /* Menu.app */ = {isa = PBXFileReference; explicitFileType = wrapper.application; includeInIndex = 0; path = Menu.app; sourceTree = BUILT_PRODUCTS_DIR; };
		8EE750F41D1129CF00413031 /* main.m */ = {isa = PBXFileReference; lastKnownFileType = sourcecode.c.objc; path = main.m; sourceTree = "<group>"; };
		8EE750F61D1129CF00413031 /* AppDelegate.h */ = {isa = PBXFileReference; lastKnownFileType = sourcecode.c.h; path = AppDelegate.h; sourceTree = "<group>"; };
		8EE750F71D1129CF00413031 /* AppDelegate.m */ = {isa = PBXFileReference; lastKnownFileType = sourcecode.c.objc; path = AppDelegate.m; sourceTree = "<group>"; };
		8EE750FD1D1129CF00413031 /* Base */ = {isa = PBXFileReference; lastKnownFileType = file.storyboard; name = Base; path = Base.lproj/Main.storyboard; sourceTree = "<group>"; };
		8EE750FF1D1129CF00413031 /* Assets.xcassets */ = {isa = PBXFileReference; lastKnownFileType = folder.assetcatalog; path = Assets.xcassets; sourceTree = "<group>"; };
		8EE751021D1129CF00413031 /* Base */ = {isa = PBXFileReference; lastKnownFileType = file.storyboard; name = Base; path = Base.lproj/LaunchScreen.storyboard; sourceTree = "<group>"; };
		8EE751041D1129CF00413031 /* Info.plist */ = {isa = PBXFileReference; lastKnownFileType = text.plist.xml; path = Info.plist; sourceTree = "<group>"; };
		8EE7510B1D112A2600413031 /* XZHomeViewController.m */ = {isa = PBXFileReference; fileEncoding = 4; lastKnownFileType = sourcecode.c.objc; path = XZHomeViewController.m; sourceTree = "<group>"; };
		8EE7510D1D112ABD00413031 /* XZHomeViewController.h */ = {isa = PBXFileReference; lastKnownFileType = sourcecode.c.h; path = XZHomeViewController.h; sourceTree = "<group>"; };
		8EE751111D112CC000413031 /* UIView+Extension.h */ = {isa = PBXFileReference; fileEncoding = 4; lastKnownFileType = sourcecode.c.h; path = "UIView+Extension.h"; sourceTree = "<group>"; };
		8EE751121D112CC000413031 /* UIView+Extension.m */ = {isa = PBXFileReference; fileEncoding = 4; lastKnownFileType = sourcecode.c.objc; path = "UIView+Extension.m"; sourceTree = "<group>"; };
		8EE751141D112D0800413031 /* PrefixHeader.pch */ = {isa = PBXFileReference; lastKnownFileType = sourcecode.c.h; path = PrefixHeader.pch; sourceTree = "<group>"; };
		8EE7511F1D11367C00413031 /* XZDock.h */ = {isa = PBXFileReference; fileEncoding = 4; lastKnownFileType = sourcecode.c.h; path = XZDock.h; sourceTree = "<group>"; };
		8EE751201D11367C00413031 /* XZDock.m */ = {isa = PBXFileReference; fileEncoding = 4; lastKnownFileType = sourcecode.c.objc; path = XZDock.m; sourceTree = "<group>"; };
		8EE751211D11367C00413031 /* XZIconView.h */ = {isa = PBXFileReference; fileEncoding = 4; lastKnownFileType = sourcecode.c.h; path = XZIconView.h; sourceTree = "<group>"; };
		8EE751221D11367C00413031 /* XZIconView.m */ = {isa = PBXFileReference; fileEncoding = 4; lastKnownFileType = sourcecode.c.objc; path = XZIconView.m; sourceTree = "<group>"; };
		8EE751231D11367C00413031 /* XZTabBar.h */ = {isa = PBXFileReference; fileEncoding = 4; lastKnownFileType = sourcecode.c.h; path = XZTabBar.h; sourceTree = "<group>"; };
		8EE751241D11367C00413031 /* XZTabBar.m */ = {isa = PBXFileReference; fileEncoding = 4; lastKnownFileType = sourcecode.c.objc; path = XZTabBar.m; sourceTree = "<group>"; };
		8EE751251D11367C00413031 /* XZToolBar.h */ = {isa = PBXFileReference; fileEncoding = 4; lastKnownFileType = sourcecode.c.h; path = XZToolBar.h; sourceTree = "<group>"; };
		8EE751261D11367C00413031 /* XZToolBar.m */ = {isa = PBXFileReference; fileEncoding = 4; lastKnownFileType = sourcecode.c.objc; path = XZToolBar.m; sourceTree = "<group>"; };
/* End PBXFileReference section */

/* Begin PBXFrameworksBuildPhase section */
		8EE750ED1D1129CF00413031 /* Frameworks */ = {
			isa = PBXFrameworksBuildPhase;
			buildActionMask = 2147483647;
			files = (
			);
			runOnlyForDeploymentPostprocessing = 0;
		};
/* End PBXFrameworksBuildPhase section */

/* Begin PBXGroup section */
		8EE750E71D1129CF00413031 = {
			isa = PBXGroup;
			children = (
				8EE750F21D1129CF00413031 /* Menu */,
				8EE750F11D1129CF00413031 /* Products */,
			);
			sourceTree = "<group>";
		};
		8EE750F11D1129CF00413031 /* Products */ = {
			isa = PBXGroup;
			children = (
				8EE750F01D1129CF00413031 /* Menu.app */,
			);
			name = Products;
			sourceTree = "<group>";
		};
		8EE750F21D1129CF00413031 /* Menu */ = {
			isa = PBXGroup;
			children = (
				8EE7511E1D11367C00413031 /* View */,
				8EE750F61D1129CF00413031 /* AppDelegate.h */,
				8EE750F71D1129CF00413031 /* AppDelegate.m */,
				8EE751111D112CC000413031 /* UIView+Extension.h */,
				8EE751121D112CC000413031 /* UIView+Extension.m */,
				8EE7510D1D112ABD00413031 /* XZHomeViewController.h */,
				8EE7510B1D112A2600413031 /* XZHomeViewController.m */,
				8EE750F31D1129CF00413031 /* Supporting Files */,
			);
			path = Menu;
			sourceTree = "<group>";
		};
		8EE750F31D1129CF00413031 /* Supporting Files */ = {
			isa = PBXGroup;
			children = (
				8EE751041D1129CF00413031 /* Info.plist */,
				8EE750FC1D1129CF00413031 /* Main.storyboard */,
				8EE750FF1D1129CF00413031 /* Assets.xcassets */,
				8EE751011D1129CF00413031 /* LaunchScreen.storyboard */,
				8EE750F41D1129CF00413031 /* main.m */,
				8EE751141D112D0800413031 /* PrefixHeader.pch */,
			);
			name = "Supporting Files";
			sourceTree = "<group>";
		};
		8EE7511E1D11367C00413031 /* View */ = {
			isa = PBXGroup;
			children = (
				8EE7511F1D11367C00413031 /* XZDock.h */,
				8EE751201D11367C00413031 /* XZDock.m */,
				8EE751211D11367C00413031 /* XZIconView.h */,
				8EE751221D11367C00413031 /* XZIconView.m */,
				8EE751231D11367C00413031 /* XZTabBar.h */,
				8EE751241D11367C00413031 /* XZTabBar.m */,
				8EE751251D11367C00413031 /* XZToolBar.h */,
				8EE751261D11367C00413031 /* XZToolBar.m */,
			);
			path = View;
			sourceTree = "<group>";
		};
/* End PBXGroup section */

/* Begin PBXNativeTarget section */
		8EE750EF1D1129CF00413031 /* Menu */ = {
			isa = PBXNativeTarget;
			buildConfigurationList = 8EE751071D1129CF00413031 /* Build configuration list for PBXNativeTarget "Menu" */;
			buildPhases = (
				8EE750EC1D1129CF00413031 /* Sources */,
				8EE750ED1D1129CF00413031 /* Frameworks */,
				8EE750EE1D1129CF00413031 /* Resources */,
			);
			buildRules = (
			);
			dependencies = (
			);
			name = Menu;
			productName = Menu;
			productReference = 8EE750F01D1129CF00413031 /* Menu.app */;
			productType = "com.apple.product-type.application";
		};
/* End PBXNativeTarget section */

/* Begin PBXProject section */
		8EE750E81D1129CF00413031 /* Project object */ = {
			isa = PBXProject;
			attributes = {
				CLASSPREFIX = XZ;
				LastUpgradeCheck = 0720;
				ORGANIZATIONNAME = ZengChanghuan;
				TargetAttributes = {
					8EE750EF1D1129CF00413031 = {
						CreatedOnToolsVersion = 7.2.1;
					};
				};
			};
			buildConfigurationList = 8EE750EB1D1129CF00413031 /* Build configuration list for PBXProject "Menu" */;
			compatibilityVersion = "Xcode 3.2";
			developmentRegion = English;
			hasScannedForEncodings = 0;
			knownRegions = (
				en,
				Base,
			);
			mainGroup = 8EE750E71D1129CF00413031;
			productRefGroup = 8EE750F11D1129CF00413031 /* Products */;
			projectDirPath = "";
			projectRoot = "";
			targets = (
				8EE750EF1D1129CF00413031 /* Menu */,
			);
		};
/* End PBXProject section */

/* Begin PBXResourcesBuildPhase section */
		8EE750EE1D1129CF00413031 /* Resources */ = {
			isa = PBXResourcesBuildPhase;
			buildActionMask = 2147483647;
			files = (
				8EE751031D1129CF00413031 /* LaunchScreen.storyboard in Resources */,
				8EE751001D1129CF00413031 /* Assets.xcassets in Resources */,
				8EE750FE1D1129CF00413031 /* Main.storyboard in Resources */,
			);
			runOnlyForDeploymentPostprocessing = 0;
		};
/* End PBXResourcesBuildPhase section */

/* Begin PBXSourcesBuildPhase section */
		8EE750EC1D1129CF00413031 /* Sources */ = {
			isa = PBXSourcesBuildPhase;
			buildActionMask = 2147483647;
			files = (
				8EE751281D11367C00413031 /* XZIconView.m in Sources */,
				8EE751131D112CC000413031 /* UIView+Extension.m in Sources */,
				8EE7512A1D11367C00413031 /* XZToolBar.m in Sources */,
				8EE751291D11367C00413031 /* XZTabBar.m in Sources */,
				8EE751271D11367C00413031 /* XZDock.m in Sources */,
				8EE750F81D1129CF00413031 /* AppDelegate.m in Sources */,
				8EE750F51D1129CF00413031 /* main.m in Sources */,
				8EE7510C1D112A2600413031 /* XZHomeViewController.m in Sources */,
			);
			runOnlyForDeploymentPostprocessing = 0;
		};
/* End PBXSourcesBuildPhase section */

/* Begin PBXVariantGroup section */
		8EE750FC1D1129CF00413031 /* Main.storyboard */ = {
			isa = PBXVariantGroup;
			children = (
				8EE750FD1D1129CF00413031 /* Base */,
			);
			name = Main.storyboard;
			sourceTree = "<group>";
		};
		8EE751011D1129CF00413031 /* LaunchScreen.storyboard */ = {
			isa = PBXVariantGroup;
			children = (
				8EE751021D1129CF00413031 /* Base */,
			);
			name = LaunchScreen.storyboard;
			sourceTree = "<group>";
		};
/* End PBXVariantGroup section */

/* Begin XCBuildConfiguration section */
		8EE751051D1129CF00413031 /* Debug */ = {
			isa = XCBuildConfiguration;
			buildSettings = {
				ALWAYS_SEARCH_USER_PATHS = NO;
				CLANG_CXX_LANGUAGE_STANDARD = "gnu++0x";
				CLANG_CXX_LIBRARY = "libc++";
				CLANG_ENABLE_MODULES = YES;
				CLANG_ENABLE_OBJC_ARC = YES;
				CLANG_WARN_BOOL_CONVERSION = YES;
				CLANG_WARN_CONSTANT_CONVERSION = YES;
				CLANG_WARN_DIRECT_OBJC_ISA_USAGE = YES_ERROR;
				CLANG_WARN_EMPTY_BODY = YES;
				CLANG_WARN_ENUM_CONVERSION = YES;
				CLANG_WARN_INT_CONVERSION = YES;
				CLANG_WARN_OBJC_ROOT_CLASS = YES_ERROR;
				CLANG_WARN_UNREACHABLE_CODE = YES;
				CLANG_WARN__DUPLICATE_METHOD_MATCH = YES;
				"CODE_SIGN_IDENTITY[sdk=iphoneos*]" = "iPhone Developer";
				COPY_PHASE_STRIP = NO;
				DEBUG_INFORMATION_FORMAT = dwarf;
				ENABLE_STRICT_OBJC_MSGSEND = YES;
				ENABLE_TESTABILITY = YES;
				GCC_C_LANGUAGE_STANDARD = gnu99;
				GCC_DYNAMIC_NO_PIC = NO;
				GCC_NO_COMMON_BLOCKS = YES;
				GCC_OPTIMIZATION_LEVEL = 0;
				GCC_PREPROCESSOR_DEFINITIONS = (
					"DEBUG=1",
					"$(inherited)",
				);
				GCC_WARN_64_TO_32_BIT_CONVERSION = YES;
				GCC_WARN_ABOUT_RETURN_TYPE = YES_ERROR;
				GCC_WARN_UNDECLARED_SELECTOR = YES;
				GCC_WARN_UNINITIALIZED_AUTOS = YES_AGGRESSIVE;
				GCC_WARN_UNUSED_FUNCTION = YES;
				GCC_WARN_UNUSED_VARIABLE = YES;
				IPHONEOS_DEPLOYMENT_TARGET = 9.2;
				MTL_ENABLE_DEBUG_INFO = YES;
				ONLY_ACTIVE_ARCH = YES;
				SDKROOT = iphoneos;
				TARGETED_DEVICE_FAMILY = 2;
			};
			name = Debug;
		};
		8EE751061D1129CF00413031 /* Release */ = {
			isa = XCBuildConfiguration;
			buildSettings = {
				ALWAYS_SEARCH_USER_PATHS = NO;
				CLANG_CXX_LANGUAGE_STANDARD = "gnu++0x";
				CLANG_CXX_LIBRARY = "libc++";
				CLANG_ENABLE_MODULES = YES;
				CLANG_ENABLE_OBJC_ARC = YES;
				CLANG_WARN_BOOL_CONVERSION = YES;
				CLANG_WARN_CONSTANT_CONVERSION = YES;
				CLANG_WARN_DIRECT_OBJC_ISA_USAGE = YES_ERROR;
				CLANG_WARN_EMPTY_BODY = YES;
				CLANG_WARN_ENUM_CONVERSION = YES;
				CLANG_WARN_INT_CONVERSION = YES;
				CLANG_WARN_OBJC_ROOT_CLASS = YES_ERROR;
				CLANG_WARN_UNREACHABLE_CODE = YES;
				CLANG_WARN__DUPLICATE_METHOD_MATCH = YES;
				"CODE_SIGN_IDENTITY[sdk=iphoneos*]" = "iPhone Developer";
				COPY_PHASE_STRIP = NO;
				DEBUG_INFORMATION_FORMAT = "dwarf-with-dsym";
				ENABLE_NS_ASSERTIONS = NO;
				ENABLE_STRICT_OBJC_MSGSEND = YES;
				GCC_C_LANGUAGE_STANDARD = gnu99;
				GCC_NO_COMMON_BLOCKS = YES;
				GCC_WARN_64_TO_32_BIT_CONVERSION = YES;
				GCC_WARN_ABOUT_RETURN_TYPE = YES_ERROR;
				GCC_WARN_UNDECLARED_SELECTOR = YES;
				GCC_WARN_UNINITIALIZED_AUTOS = YES_AGGRESSIVE;
				GCC_WARN_UNUSED_FUNCTION = YES;
				GCC_WARN_UNUSED_VARIABLE = YES;
				IPHONEOS_DEPLOYMENT_TARGET = 9.2;
				MTL_ENABLE_DEBUG_INFO = NO;
				SDKROOT = iphoneos;
				TARGETED_DEVICE_FAMILY = 2;
				VALIDATE_PRODUCT = YES;
			};
			name = Release;
		};
		8EE751081D1129CF00413031 /* Debug */ = {
			isa = XCBuildConfiguration;
			buildSettings = {
				ASSETCATALOG_COMPILER_APPICON_NAME = AppIcon;
				GCC_PRECOMPILE_PREFIX_HEADER = YES;
				GCC_PREFIX_HEADER = Menu/PrefixHeader.pch;
				INFOPLIST_FILE = Menu/Info.plist;
				IPHONEOS_DEPLOYMENT_TARGET = 8.0;
				LD_RUNPATH_SEARCH_PATHS = "$(inherited) @executable_path/Frameworks";
				PRODUCT_BUNDLE_IDENTIFIER = com.Cube.www.Menu;
				PRODUCT_NAME = "$(TARGET_NAME)";
			};
			name = Debug;
		};
		8EE751091D1129CF00413031 /* Release */ = {
			isa = XCBuildConfiguration;
			buildSettings = {
				ASSETCATALOG_COMPILER_APPICON_NAME = AppIcon;
				GCC_PRECOMPILE_PREFIX_HEADER = YES;
				GCC_PREFIX_HEADER = Menu/PrefixHeader.pch;
				INFOPLIST_FILE = Menu/Info.plist;
				IPHONEOS_DEPLOYMENT_TARGET = 8.0;
				LD_RUNPATH_SEARCH_PATHS = "$(inherited) @executable_path/Frameworks";
				PRODUCT_BUNDLE_IDENTIFIER = com.Cube.www.Menu;
				PRODUCT_NAME = "$(TARGET_NAME)";
			};
			name = Release;
		};
/* End XCBuildConfiguration section */

/* Begin XCConfigurationList section */
		8EE750EB1D1129CF00413031 /* Build configuration list for PBXProject "Menu" */ = {
			isa = XCConfigurationList;
			buildConfigurations = (
				8EE751051D1129CF00413031 /* Debug */,
				8EE751061D1129CF00413031 /* Release */,
			);
			defaultConfigurationIsVisible = 0;
			defaultConfigurationName = Release;
		};
		8EE751071D1129CF00413031 /* Build configuration list for PBXNativeTarget "Menu" */ = {
			isa = XCConfigurationList;
			buildConfigurations = (
				8EE751081D1129CF00413031 /* Debug */,
				8EE751091D1129CF00413031 /* Release */,
			);
			defaultConfigurationIsVisible = 0;
		};
/* End XCConfigurationList section */
	};
	rootObject = 8EE750E81D1129CF00413031 /* Project object */;
}
