// !$*UTF8*$!
{
	archiveVersion = 1;
	classes = {
	};
	objectVersion = 46;
	objects = {

/* Begin PBXBuildFile section */
		8E06A6D31CFEF01A00AE86F4 /* main.m in Sources */ = {isa = PBXBuildFile; fileRef = 8E06A6D21CFEF01A00AE86F4 /* main.m */; };
		8E06A6D61CFEF01A00AE86F4 /* AppDelegate.m in Sources */ = {isa = PBXBuildFile; fileRef = 8E06A6D51CFEF01A00AE86F4 /* AppDelegate.m */; };
		8E06A6D91CFEF01A00AE86F4 /* ViewController.m in Sources */ = {isa = PBXBuildFile; fileRef = 8E06A6D81CFEF01A00AE86F4 /* ViewController.m */; };
		8E06A6DC1CFEF01A00AE86F4 /* Main.storyboard in Resources */ = {isa = PBXBuildFile; fileRef = 8E06A6DA1CFEF01A00AE86F4 /* Main.storyboard */; };
		8E06A6DE1CFEF01A00AE86F4 /* Assets.xcassets in Resources */ = {isa = PBXBuildFile; fileRef = 8E06A6DD1CFEF01A00AE86F4 /* Assets.xcassets */; };
		8E06A6E11CFEF01A00AE86F4 /* LaunchScreen.storyboard in Resources */ = {isa = PBXBuildFile; fileRef = 8E06A6DF1CFEF01A00AE86F4 /* LaunchScreen.storyboard */; };
/* End PBXBuildFile section */

/* Begin PBXFileReference section */
		8E06A6CE1CFEF01A00AE86F4 /* sqlite.app */ = {isa = PBXFileReference; explicitFileType = wrapper.application; includeInIndex = 0; path = sqlite.app; sourceTree = BUILT_PRODUCTS_DIR; };
		8E06A6D21CFEF01A00AE86F4 /* main.m */ = {isa = PBXFileReference; lastKnownFileType = sourcecode.c.objc; path = main.m; sourceTree = "<group>"; };
		8E06A6D41CFEF01A00AE86F4 /* AppDelegate.h */ = {isa = PBXFileReference; lastKnownFileType = sourcecode.c.h; path = AppDelegate.h; sourceTree = "<group>"; };
		8E06A6D51CFEF01A00AE86F4 /* AppDelegate.m */ = {isa = PBXFileReference; lastKnownFileType = sourcecode.c.objc; path = AppDelegate.m; sourceTree = "<group>"; };
		8E06A6D71CFEF01A00AE86F4 /* ViewController.h */ = {isa = PBXFileReference; lastKnownFileType = sourcecode.c.h; path = ViewController.h; sourceTree = "<group>"; };
		8E06A6D81CFEF01A00AE86F4 /* ViewController.m */ = {isa = PBXFileReference; lastKnownFileType = sourcecode.c.objc; path = ViewController.m; sourceTree = "<group>"; };
		8E06A6DB1CFEF01A00AE86F4 /* Base */ = {isa = PBXFileReference; lastKnownFileType = file.storyboard; name = Base; path = Base.lproj/Main.storyboard; sourceTree = "<group>"; };
		8E06A6DD1CFEF01A00AE86F4 /* Assets.xcassets */ = {isa = PBXFileReference; lastKnownFileType = folder.assetcatalog; path = Assets.xcassets; sourceTree = "<group>"; };
		8E06A6E01CFEF01A00AE86F4 /* Base */ = {isa = PBXFileReference; lastKnownFileType = file.storyboard; name = Base; path = Base.lproj/LaunchScreen.storyboard; sourceTree = "<group>"; };
		8E06A6E21CFEF01A00AE86F4 /* Info.plist */ = {isa = PBXFileReference; lastKnownFileType = text.plist.xml; path = Info.plist; sourceTree = "<group>"; };
/* End PBXFileReference section */

/* Begin PBXFrameworksBuildPhase section */
		8E06A6CB1CFEF01A00AE86F4 /* Frameworks */ = {
			isa = PBXFrameworksBuildPhase;
			buildActionMask = 2147483647;
			files = (
			);
			runOnlyForDeploymentPostprocessing = 0;
		};
/* End PBXFrameworksBuildPhase section */

/* Begin PBXGroup section */
		8E06A6C51CFEF01A00AE86F4 = {
			isa = PBXGroup;
			children = (
				8E06A6D01CFEF01A00AE86F4 /* sqlite */,
				8E06A6CF1CFEF01A00AE86F4 /* Products */,
			);
			sourceTree = "<group>";
		};
		8E06A6CF1CFEF01A00AE86F4 /* Products */ = {
			isa = PBXGroup;
			children = (
				8E06A6CE1CFEF01A00AE86F4 /* sqlite.app */,
			);
			name = Products;
			sourceTree = "<group>";
		};
		8E06A6D01CFEF01A00AE86F4 /* sqlite */ = {
			isa = PBXGroup;
			children = (
				8E06A6D41CFEF01A00AE86F4 /* AppDelegate.h */,
				8E06A6D51CFEF01A00AE86F4 /* AppDelegate.m */,
				8E06A6D71CFEF01A00AE86F4 /* ViewController.h */,
				8E06A6D81CFEF01A00AE86F4 /* ViewController.m */,
				8E06A6DA1CFEF01A00AE86F4 /* Main.storyboard */,
				8E06A6DD1CFEF01A00AE86F4 /* Assets.xcassets */,
				8E06A6DF1CFEF01A00AE86F4 /* LaunchScreen.storyboard */,
				8E06A6E21CFEF01A00AE86F4 /* Info.plist */,
				8E06A6D11CFEF01A00AE86F4 /* Supporting Files */,
			);
			path = sqlite;
			sourceTree = "<group>";
		};
		8E06A6D11CFEF01A00AE86F4 /* Supporting Files */ = {
			isa = PBXGroup;
			children = (
				8E06A6D21CFEF01A00AE86F4 /* main.m */,
			);
			name = "Supporting Files";
			sourceTree = "<group>";
		};
/* End PBXGroup section */

/* Begin PBXNativeTarget section */
		8E06A6CD1CFEF01A00AE86F4 /* sqlite */ = {
			isa = PBXNativeTarget;
			buildConfigurationList = 8E06A6E51CFEF01A00AE86F4 /* Build configuration list for PBXNativeTarget "sqlite" */;
			buildPhases = (
				8E06A6CA1CFEF01A00AE86F4 /* Sources */,
				8E06A6CB1CFEF01A00AE86F4 /* Frameworks */,
				8E06A6CC1CFEF01A00AE86F4 /* Resources */,
			);
			buildRules = (
			);
			dependencies = (
			);
			name = sqlite;
			productName = sqlite;
			productReference = 8E06A6CE1CFEF01A00AE86F4 /* sqlite.app */;
			productType = "com.apple.product-type.application";
		};
/* End PBXNativeTarget section */

/* Begin PBXProject section */
		8E06A6C61CFEF01A00AE86F4 /* Project object */ = {
			isa = PBXProject;
			attributes = {
				LastUpgradeCheck = 0720;
				ORGANIZATIONNAME = ZengChanghuan;
				TargetAttributes = {
					8E06A6CD1CFEF01A00AE86F4 = {
						CreatedOnToolsVersion = 7.2.1;
					};
				};
			};
			buildConfigurationList = 8E06A6C91CFEF01A00AE86F4 /* Build configuration list for PBXProject "sqlite" */;
			compatibilityVersion = "Xcode 3.2";
			developmentRegion = English;
			hasScannedForEncodings = 0;
			knownRegions = (
				en,
				Base,
			);
			mainGroup = 8E06A6C51CFEF01A00AE86F4;
			productRefGroup = 8E06A6CF1CFEF01A00AE86F4 /* Products */;
			projectDirPath = "";
			projectRoot = "";
			targets = (
				8E06A6CD1CFEF01A00AE86F4 /* sqlite */,
			);
		};
/* End PBXProject section */

/* Begin PBXResourcesBuildPhase section */
		8E06A6CC1CFEF01A00AE86F4 /* Resources */ = {
			isa = PBXResourcesBuildPhase;
			buildActionMask = 2147483647;
			files = (
				8E06A6E11CFEF01A00AE86F4 /* LaunchScreen.storyboard in Resources */,
				8E06A6DE1CFEF01A00AE86F4 /* Assets.xcassets in Resources */,
				8E06A6DC1CFEF01A00AE86F4 /* Main.storyboard in Resources */,
			);
			runOnlyForDeploymentPostprocessing = 0;
		};
/* End PBXResourcesBuildPhase section */

/* Begin PBXSourcesBuildPhase section */
		8E06A6CA1CFEF01A00AE86F4 /* Sources */ = {
			isa = PBXSourcesBuildPhase;
			buildActionMask = 2147483647;
			files = (
				8E06A6D91CFEF01A00AE86F4 /* ViewController.m in Sources */,
				8E06A6D61CFEF01A00AE86F4 /* AppDelegate.m in Sources */,
				8E06A6D31CFEF01A00AE86F4 /* main.m in Sources */,
			);
			runOnlyForDeploymentPostprocessing = 0;
		};
/* End PBXSourcesBuildPhase section */

/* Begin PBXVariantGroup section */
		8E06A6DA1CFEF01A00AE86F4 /* Main.storyboard */ = {
			isa = PBXVariantGroup;
			children = (
				8E06A6DB1CFEF01A00AE86F4 /* Base */,
			);
			name = Main.storyboard;
			sourceTree = "<group>";
		};
		8E06A6DF1CFEF01A00AE86F4 /* LaunchScreen.storyboard */ = {
			isa = PBXVariantGroup;
			children = (
				8E06A6E01CFEF01A00AE86F4 /* Base */,
			);
			name = LaunchScreen.storyboard;
			sourceTree = "<group>";
		};
/* End PBXVariantGroup section */

/* Begin XCBuildConfiguration section */
		8E06A6E31CFEF01A00AE86F4 /* Debug */ = {
			isa = XCBuildConfiguration;
			buildSettings = {
				ALWAYS_SEARCH_USER_PATHS = NO;
				CLANG_CXX_LANGUAGE_STANDARD = "gnu++0x";
				CLANG_CXX_LIBRARY = "libc++";
				CLANG_ENABLE_MODULES = YES;
				CLANG_ENABLE_OBJC_ARC = YES;
				CLANG_WARN_BOOL_CONVERSION = YES;
				CLANG_WARN_CONSTANT_CONVERSION = YES;
				CLANG_WARN_DIRECT_OBJC_ISA_USAGE = YES_ERROR;
				CLANG_WARN_EMPTY_BODY = YES;
				CLANG_WARN_ENUM_CONVERSION = YES;
				CLANG_WARN_INT_CONVERSION = YES;
				CLANG_WARN_OBJC_ROOT_CLASS = YES_ERROR;
				CLANG_WARN_UNREACHABLE_CODE = YES;
				CLANG_WARN__DUPLICATE_METHOD_MATCH = YES;
				"CODE_SIGN_IDENTITY[sdk=iphoneos*]" = "iPhone Developer";
				COPY_PHASE_STRIP = NO;
				DEBUG_INFORMATION_FORMAT = dwarf;
				ENABLE_STRICT_OBJC_MSGSEND = YES;
				ENABLE_TESTABILITY = YES;
				GCC_C_LANGUAGE_STANDARD = gnu99;
				GCC_DYNAMIC_NO_PIC = NO;
				GCC_NO_COMMON_BLOCKS = YES;
				GCC_OPTIMIZATION_LEVEL = 0;
				GCC_PREPROCESSOR_DEFINITIONS = (
					"DEBUG=1",
					"$(inherited)",
				);
				GCC_WARN_64_TO_32_BIT_CONVERSION = YES;
				GCC_WARN_ABOUT_RETURN_TYPE = YES_ERROR;
				GCC_WARN_UNDECLARED_SELECTOR = YES;
				GCC_WARN_UNINITIALIZED_AUTOS = YES_AGGRESSIVE;
				GCC_WARN_UNUSED_FUNCTION = YES;
				GCC_WARN_UNUSED_VARIABLE = YES;
				IPHONEOS_DEPLOYMENT_TARGET = 9.2;
				MTL_ENABLE_DEBUG_INFO = YES;
				ONLY_ACTIVE_ARCH = YES;
				SDKROOT = iphoneos;
			};
			name = Debug;
		};
		8E06A6E41CFEF01A00AE86F4 /* Release */ = {
			isa = XCBuildConfiguration;
			buildSettings = {
				ALWAYS_SEARCH_USER_PATHS = NO;
				CLANG_CXX_LANGUAGE_STANDARD = "gnu++0x";
				CLANG_CXX_LIBRARY = "libc++";
				CLANG_ENABLE_MODULES = YES;
				CLANG_ENABLE_OBJC_ARC = YES;
				CLANG_WARN_BOOL_CONVERSION = YES;
				CLANG_WARN_CONSTANT_CONVERSION = YES;
				CLANG_WARN_DIRECT_OBJC_ISA_USAGE = YES_ERROR;
				CLANG_WARN_EMPTY_BODY = YES;
				CLANG_WARN_ENUM_CONVERSION = YES;
				CLANG_WARN_INT_CONVERSION = YES;
				CLANG_WARN_OBJC_ROOT_CLASS = YES_ERROR;
				CLANG_WARN_UNREACHABLE_CODE = YES;
				CLANG_WARN__DUPLICATE_METHOD_MATCH = YES;
				"CODE_SIGN_IDENTITY[sdk=iphoneos*]" = "iPhone Developer";
				COPY_PHASE_STRIP = NO;
				DEBUG_INFORMATION_FORMAT = "dwarf-with-dsym";
				ENABLE_NS_ASSERTIONS = NO;
				ENABLE_STRICT_OBJC_MSGSEND = YES;
				GCC_C_LANGUAGE_STANDARD = gnu99;
				GCC_NO_COMMON_BLOCKS = YES;
				GCC_WARN_64_TO_32_BIT_CONVERSION = YES;
				GCC_WARN_ABOUT_RETURN_TYPE = YES_ERROR;
				GCC_WARN_UNDECLARED_SELECTOR = YES;
				GCC_WARN_UNINITIALIZED_AUTOS = YES_AGGRESSIVE;
				GCC_WARN_UNUSED_FUNCTION = YES;
				GCC_WARN_UNUSED_VARIABLE = YES;
				IPHONEOS_DEPLOYMENT_TARGET = 9.2;
				MTL_ENABLE_DEBUG_INFO = NO;
				SDKROOT = iphoneos;
				VALIDATE_PRODUCT = YES;
			};
			name = Release;
		};
		8E06A6E61CFEF01A00AE86F4 /* Debug */ = {
			isa = XCBuildConfiguration;
			buildSettings = {
				ASSETCATALOG_COMPILER_APPICON_NAME = AppIcon;
				INFOPLIST_FILE = sqlite/Info.plist;
				LD_RUNPATH_SEARCH_PATHS = "$(inherited) @executable_path/Frameworks";
				PRODUCT_BUNDLE_IDENTIFIER = com.cube.www.sqlite;
				PRODUCT_NAME = "$(TARGET_NAME)";
			};
			name = Debug;
		};
		8E06A6E71CFEF01A00AE86F4 /* Release */ = {
			isa = XCBuildConfiguration;
			buildSettings = {
				ASSETCATALOG_COMPILER_APPICON_NAME = AppIcon;
				INFOPLIST_FILE = sqlite/Info.plist;
				LD_RUNPATH_SEARCH_PATHS = "$(inherited) @executable_path/Frameworks";
				PRODUCT_BUNDLE_IDENTIFIER = com.cube.www.sqlite;
				PRODUCT_NAME = "$(TARGET_NAME)";
			};
			name = Release;
		};
/* End XCBuildConfiguration section */

/* Begin XCConfigurationList section */
		8E06A6C91CFEF01A00AE86F4 /* Build configuration list for PBXProject "sqlite" */ = {
			isa = XCConfigurationList;
			buildConfigurations = (
				8E06A6E31CFEF01A00AE86F4 /* Debug */,
				8E06A6E41CFEF01A00AE86F4 /* Release */,
			);
			defaultConfigurationIsVisible = 0;
			defaultConfigurationName = Release;
		};
		8E06A6E51CFEF01A00AE86F4 /* Build configuration list for PBXNativeTarget "sqlite" */ = {
			isa = XCConfigurationList;
			buildConfigurations = (
				8E06A6E61CFEF01A00AE86F4 /* Debug */,
				8E06A6E71CFEF01A00AE86F4 /* Release */,
			);
			defaultConfigurationIsVisible = 0;
		};
/* End XCConfigurationList section */
	};
	rootObject = 8E06A6C61CFEF01A00AE86F4 /* Project object */;
}
